{
  "name": "shrinkwarp",
  "version": "2.0.0",
  "dependencies": {
    "abbrev": {
      "version": "1.0.9"
    },
    "debug": {
      "version": "2.2.0"
    },
    "error-ex": {
      "version": "1.3.0"
    },
    "find-up": {
      "version": "1.1.2"
    },
    "graceful-fs": {
      "version": "4.1.4"
    },
    "hosted-git-info": {
      "version": "2.1.5"
    },
    "imurmurhash": {
      "version": "0.1.4"
    },
    "is-arrayish": {
      "version": "0.2.1"
    },
    "is-plain-obj": {
      "version": "1.1.0"
    },
    "load-json-file": {
      "version": "2.0.0"
    },
    "minimist": {
      "version": "0.0.8"
    },
    "mkdirp": {
      "version": "0.5.1"
    },
    "ms": {
      "version": "0.7.1"
    },
    "nopt": {
      "version": "3.0.6"
    },
    "npm-package-arg": {
      "version": "4.2.0"
    },
    "parse-json": {
      "version": "2.2.0"
    },
    "path-exists": {
      "version": "2.1.0"
    },
    "pify": {
      "version": "2.3.0"
    },
    "pinkie": {
      "version": "2.0.4"
    },
    "pinkie-promise": {
      "version": "2.0.1"
    },
    "pkg-dir": {
      "version": "1.0.0"
    },
    "semver": {
      "version": "5.2.0"
    },
    "slide": {
      "version": "1.1.6"
    },
    "sort-keys": {
      "version": "1.1.2"
    },
    "strip-bom": {
      "version": "3.0.0"
    },
    "traverse": {
      "version": "0.6.6"
    },
    "write-file-atomic": {
      "version": "1.1.4"
    },
    "write-json-file": {
      "version": "2.0.0"
    }
  }
}
